// !$*UTF8*$!
{
	archiveVersion = 1;
	classes = {
	};
	objectVersion = 55;
	objects = {

/* Begin PBXBuildFile section */
		0A06DA8F870BFC6F51A66B47 /* sw.js in Resources */ = {isa = PBXBuildFile; fileRef = 05540E0D08D64BD67F26CEC9 /* sw.js */; };
		0E6BD9C634DB5CEC07CC5253 /* inter-latin-ext-800-normal-BOMpwxm3.woff in Resources */ = {isa = PBXBuildFile; fileRef = 679DF941B166661BC14BBEFB /* inter-latin-ext-800-normal-BOMpwxm3.woff */; };
		0ECE7528E2904313E7ADFB77 /* TuistFonts+TradePad.swift in Sources */ = {isa = PBXBuildFile; fileRef = 00F1784CAE5E3148435AF387 /* TuistFonts+TradePad.swift */; };
		0FE367EF4AEF0B441F582BC0 /* inter-vietnamese-600-normal-Cc8MFFhd.woff2 in Resources */ = {isa = PBXBuildFile; fileRef = 46C040AB8884B7D5ABFE8F85 /* inter-vietnamese-600-normal-Cc8MFFhd.woff2 */; };
		1122EB0D4CB1BAFFB09E6AC4 /* manifest.json in Resources */ = {isa = PBXBuildFile; fileRef = 2D6B10482F0F504D85BF2C94 /* manifest.json */; };
		171CD5641338FF0AB524D323 /* inter-cyrillic-500-normal-CxZf_p3X.woff in Resources */ = {isa = PBXBuildFile; fileRef = EABCAB20FAE2AD293DD33D35 /* inter-cyrillic-500-normal-CxZf_p3X.woff */; };
		182B64F0B0C84A582C208A6C /* inter-vietnamese-800-normal-DDlpr_Ee.woff in Resources */ = {isa = PBXBuildFile; fileRef = 0B291A01291C60EC4B7CE201 /* inter-vietnamese-800-normal-DDlpr_Ee.woff */; };
		1973F56F0ABBE243B2647F52 /* inter-greek-ext-700-normal-qfdV9bQt.woff2 in Resources */ = {isa = PBXBuildFile; fileRef = F1A6AF6E385551058811E8E6 /* inter-greek-ext-700-normal-qfdV9bQt.woff2 */; };
		1DAA832A08777772692A7C43 /* index-Jth5vXkC.css in Resources */ = {isa = PBXBuildFile; fileRef = B7D9E69CEDCE6172070BCCE7 /* index-Jth5vXkC.css */; };
		203051E67E313BE4F4ED3E80 /* WebContentView.swift in Sources */ = {isa = PBXBuildFile; fileRef = 3F5DC409FDC2DE7C6BBFECFE /* WebContentView.swift */; };
		21E84DBBA2A8FF88F96F2AC3 /* inter-cyrillic-ext-600-normal-Dfes3d0z.woff2 in Resources */ = {isa = PBXBuildFile; fileRef = 39CFD0738E4CB8081211A881 /* inter-cyrillic-ext-600-normal-Dfes3d0z.woff2 */; };
		250000CBF01C8165FB775E39 /* inter-greek-800-normal-BU00tryP.woff in Resources */ = {isa = PBXBuildFile; fileRef = 9F1A9FA5A110F2DE31166C94 /* inter-greek-800-normal-BU00tryP.woff */; };
		28A74996CEA102B7376A0847 /* inter-greek-ext-500-normal-2j5mBUwD.woff in Resources */ = {isa = PBXBuildFile; fileRef = 1E7B7732D2C898E77BC35670 /* inter-greek-ext-500-normal-2j5mBUwD.woff */; };
		28CAC5DEA1A70AA0E92AC0D2 /* inter-greek-500-normal-Xzm54t5V.woff in Resources */ = {isa = PBXBuildFile; fileRef = B3050E4E44AC7817A866AE80 /* inter-greek-500-normal-Xzm54t5V.woff */; };
		29FF0ECA82CFABCE20CC56A4 /* index-D8JHvmNU.js in Resources */ = {isa = PBXBuildFile; fileRef = 5645DA8254ABF8515D764A45 /* index-D8JHvmNU.js */; };
		2A01F9A12A112D78FA23A124 /* inter-cyrillic-ext-500-normal-B0yAr1jD.woff2 in Resources */ = {isa = PBXBuildFile; fileRef = B8FB1101479AE60DABEE9DFA /* inter-cyrillic-ext-500-normal-B0yAr1jD.woff2 */; };
		2A276147197D367BB39EAC53 /* inter-vietnamese-400-normal-Bbgyi5SW.woff in Resources */ = {isa = PBXBuildFile; fileRef = 91F070CE7D0D63954F34FF68 /* inter-vietnamese-400-normal-Bbgyi5SW.woff */; };
		328CA830D6B0B3AF27A5F226 /* inter-latin-400-normal-C38fXH4l.woff2 in Resources */ = {isa = PBXBuildFile; fileRef = DB169085DEDA7C843580E37A /* inter-latin-400-normal-C38fXH4l.woff2 */; };
		33E5354E1AD0CEF4F93610DD /* ContentView.swift in Sources */ = {isa = PBXBuildFile; fileRef = B81658573C75ABF78922ACE2 /* ContentView.swift */; };
		33F6BABF660528065724D560 /* inter-latin-600-normal-CiBQ2DWP.woff in Resources */ = {isa = PBXBuildFile; fileRef = 86E0AAD1884988B436B0FF15 /* inter-latin-600-normal-CiBQ2DWP.woff */; };
		37A89BB4AAC1F274AFE30E03 /* inter-greek-ext-400-normal-DGGRlc-M.woff2 in Resources */ = {isa = PBXBuildFile; fileRef = F3A0EA39794853EF0558F041 /* inter-greek-ext-400-normal-DGGRlc-M.woff2 */; };
		3A617187CA4A5F27671208E6 /* inter-latin-500-normal-BL9OpVg8.woff in Resources */ = {isa = PBXBuildFile; fileRef = B590620159E35C87355DB58E /* inter-latin-500-normal-BL9OpVg8.woff */; };
		3C9C1A3692630456E2D2E961 /* inter-latin-ext-400-normal-C1nco2VV.woff2 in Resources */ = {isa = PBXBuildFile; fileRef = E08253BF75D5E9B10844E201 /* inter-latin-ext-400-normal-C1nco2VV.woff2 */; };
		3EC207BA8B528666DA4751AA /* inter-cyrillic-500-normal-BasfLYem.woff2 in Resources */ = {isa = PBXBuildFile; fileRef = 8633AD7F684566576EA53BB5 /* inter-cyrillic-500-normal-BasfLYem.woff2 */; };
		4095B5135844EB382D3C8BFF /* inter-vietnamese-600-normal-BuLX-rYi.woff in Resources */ = {isa = PBXBuildFile; fileRef = C44DDE689DF4632F400B5FA7 /* inter-vietnamese-600-normal-BuLX-rYi.woff */; };
		454EEC90AED7692091F7502A /* inter-vietnamese-500-normal-DOriooB6.woff2 in Resources */ = {isa = PBXBuildFile; fileRef = 8C5644C1F3176C5A04BB9A25 /* inter-vietnamese-500-normal-DOriooB6.woff2 */; };
		46CAEE3A752B66D9A9CDA6B8 /* inter-cyrillic-400-normal-obahsSVq.woff2 in Resources */ = {isa = PBXBuildFile; fileRef = 9DB3161B85DBF41FE43E8771 /* inter-cyrillic-400-normal-obahsSVq.woff2 */; };
		4942C684B11E5F7871BE0092 /* inter-greek-500-normal-BIZE56-Y.woff2 in Resources */ = {isa = PBXBuildFile; fileRef = 7E1D32B2A8B2D6E1EB91D3E5 /* inter-greek-500-normal-BIZE56-Y.woff2 */; };
		4D2785A91A61E2C112B3FCAD /* registerSW.js in Resources */ = {isa = PBXBuildFile; fileRef = 3F26511639A6F27CA240CAF4 /* registerSW.js */; };
		4E8CA842DD207260704ACFF1 /* inter-latin-800-normal-BYj_oED-.woff2 in Resources */ = {isa = PBXBuildFile; fileRef = 9869B820438C3547D0E99D45 /* inter-latin-800-normal-BYj_oED-.woff2 */; };
		4ED0A0E6B3EC98FF2F846A91 /* inter-greek-ext-600-normal-DRtmH8MT.woff2 in Resources */ = {isa = PBXBuildFile; fileRef = FAC9C23D3E0E63CCC1D5B807 /* inter-greek-ext-600-normal-DRtmH8MT.woff2 */; };
		5997D42544B2C648567282E1 /* inter-cyrillic-ext-500-normal-BmqWE9Dz.woff in Resources */ = {isa = PBXBuildFile; fileRef = 7315B4771186C482EEEF394B /* inter-cyrillic-ext-500-normal-BmqWE9Dz.woff */; };
		5E01E59D389EF27CC6CC6324 /* inter-greek-ext-400-normal-KugGGMne.woff in Resources */ = {isa = PBXBuildFile; fileRef = 016ABB9391A5BD23F1993D19 /* inter-greek-ext-400-normal-KugGGMne.woff */; };
		5E068E8FE5A5689CF8EECC79 /* inter-latin-700-normal-BLAVimhd.woff in Resources */ = {isa = PBXBuildFile; fileRef = 31BD09930E613E8E7FCA7C10 /* inter-latin-700-normal-BLAVimhd.woff */; };
		60E5969511F15DD39601500D /* inter-latin-ext-500-normal-CV4jyFjo.woff2 in Resources */ = {isa = PBXBuildFile; fileRef = 540C467F88817C8DCD7EC068 /* inter-latin-ext-500-normal-CV4jyFjo.woff2 */; };
		615255C25CA8E22EC948B97C /* inter-greek-400-normal-q2sYcFCs.woff in Resources */ = {isa = PBXBuildFile; fileRef = 626E9C6B28A6859F61F89288 /* inter-greek-400-normal-q2sYcFCs.woff */; };
		644E5CC3AFDBFC0EF46EC458 /* inter-cyrillic-ext-800-normal-Ca-gJeZY.woff in Resources */ = {isa = PBXBuildFile; fileRef = B2723DC4624B76E409D241D2 /* inter-cyrillic-ext-800-normal-Ca-gJeZY.woff */; };
		68E0BD3E0448F6A1DCB22539 /* icon-512.png in Resources */ = {isa = PBXBuildFile; fileRef = 7871A914AFB5C289D88742EF /* icon-512.png */; };
		6926ABE9760CCA02AFDA0BF9 /* inter-cyrillic-ext-700-normal-LO58E6JB.woff in Resources */ = {isa = PBXBuildFile; fileRef = 0B40290BBCBE681A6841A4DE /* inter-cyrillic-ext-700-normal-LO58E6JB.woff */; };
		6AD3EF8E7875149924F067DE /* inter-greek-ext-800-normal-DUe57HfS.woff in Resources */ = {isa = PBXBuildFile; fileRef = 645DC350F9A50DA2F879B538 /* inter-greek-ext-800-normal-DUe57HfS.woff */; };
		6C04FA44304C770452B2AB54 /* inter-cyrillic-ext-700-normal-BjwYoWNd.woff2 in Resources */ = {isa = PBXBuildFile; fileRef = 49D1744E050F6C6AA8EA2C9A /* inter-cyrillic-ext-700-normal-BjwYoWNd.woff2 */; };
		6C1DC1E463AA8F94AF8EE837 /* inter-latin-800-normal-D1mf63XC.woff in Resources */ = {isa = PBXBuildFile; fileRef = 5A96A31BC49E88EC1BD7B52E /* inter-latin-800-normal-D1mf63XC.woff */; };
		6E98CD3DDB6B79EC4C29C36D /* TuistBundle+TradePad.swift in Sources */ = {isa = PBXBuildFile; fileRef = FF03E18BEC0DC49E62575300 /* TuistBundle+TradePad.swift */; };
		6EE8709DA74861020D4253B5 /* inter-cyrillic-700-normal-DrXBdSj3.woff in Resources */ = {isa = PBXBuildFile; fileRef = B4D96E22A9EE74238FB5E10E /* inter-cyrillic-700-normal-DrXBdSj3.woff */; };
		6F6804A5ED7B805B82E94673 /* inter-vietnamese-800-normal-Cm7tD1pz.woff2 in Resources */ = {isa = PBXBuildFile; fileRef = 96E3E312946A6B8F8A977CFB /* inter-vietnamese-800-normal-Cm7tD1pz.woff2 */; };
		70642142DE62A19DC51B3FC4 /* inter-latin-ext-800-normal-DZJjya6U.woff2 in Resources */ = {isa = PBXBuildFile; fileRef = D3F3C86951B4509E9F643F72 /* inter-latin-ext-800-normal-DZJjya6U.woff2 */; };
		71AF4343823F46014236AC44 /* inter-greek-800-normal-CLIouy3y.woff2 in Resources */ = {isa = PBXBuildFile; fileRef = 098BEC21BB3832B172D7E24D /* inter-greek-800-normal-CLIouy3y.woff2 */; };
		767C4802779D9C2A877C56A9 /* inter-latin-ext-600-normal-D2bJ5OIk.woff2 in Resources */ = {isa = PBXBuildFile; fileRef = A30E3EB233CB35D13772B29D /* inter-latin-ext-600-normal-D2bJ5OIk.woff2 */; };
		78E8AF77EEA99DA88FD2020F /* inter-cyrillic-ext-400-normal-BQZuk6qB.woff2 in Resources */ = {isa = PBXBuildFile; fileRef = 5C890216858138E9B582640E /* inter-cyrillic-ext-400-normal-BQZuk6qB.woff2 */; };
		79709E4760939F27CF688C78 /* inter-greek-ext-500-normal-C4iEst2y.woff2 in Resources */ = {isa = PBXBuildFile; fileRef = D6BF60BBDB5205F47F5708D6 /* inter-greek-ext-500-normal-C4iEst2y.woff2 */; };
		7AA08EF8073702A9BF21E8AD /* inter-cyrillic-800-normal-C7MGvYyJ.woff2 in Resources */ = {isa = PBXBuildFile; fileRef = 8846FF2C6553E5070701E09F /* inter-cyrillic-800-normal-C7MGvYyJ.woff2 */; };
		7BC4103AA61AA7B6DDB55273 /* inter-greek-600-normal-BZpKdvQh.woff in Resources */ = {isa = PBXBuildFile; fileRef = 9451588E2A75CDAAAC8FE96B /* inter-greek-600-normal-BZpKdvQh.woff */; };
		7E07EE1063B94CE4D3A28491 /* inter-cyrillic-600-normal-CWCymEST.woff2 in Resources */ = {isa = PBXBuildFile; fileRef = F2722055244831A1FF637FFA /* inter-cyrillic-600-normal-CWCymEST.woff2 */; };
		7E226AD2E8BAB4D27AC76D72 /* inter-latin-ext-600-normal-CIVaiw4L.woff in Resources */ = {isa = PBXBuildFile; fileRef = 862392724D0A963022B85A17 /* inter-latin-ext-600-normal-CIVaiw4L.woff */; };
		86526EE72F31B7A359189A62 /* TradePadTests.swift in Sources */ = {isa = PBXBuildFile; fileRef = AB1C5D76520AE91E55F33507 /* TradePadTests.swift */; };
		8824C618EECD3207797096CE /* inter-greek-ext-800-normal-B--PVpEC.woff2 in Resources */ = {isa = PBXBuildFile; fileRef = 72A2F086F0539D98C0EEAB15 /* inter-greek-ext-800-normal-B--PVpEC.woff2 */; };
		8B6CF476F3F23280AEFB730B /* inter-greek-ext-600-normal-B8X0CLgF.woff in Resources */ = {isa = PBXBuildFile; fileRef = 0408157822343EB9F447281F /* inter-greek-ext-600-normal-B8X0CLgF.woff */; };
		8EE582E38DD1FFED4B584906 /* inter-latin-ext-700-normal-TidjK2hL.woff in Resources */ = {isa = PBXBuildFile; fileRef = C1C5D5F3123995E8688EA37D /* inter-latin-ext-700-normal-TidjK2hL.woff */; };
		90A30D83C6605D894CFA4265 /* inter-cyrillic-ext-600-normal-Bcila6Z-.woff in Resources */ = {isa = PBXBuildFile; fileRef = 75E73331F456485C9F0CB2A3 /* inter-cyrillic-ext-600-normal-Bcila6Z-.woff */; };
		938063755ADD8D2A252F8368 /* inter-vietnamese-500-normal-mJboJaSs.woff in Resources */ = {isa = PBXBuildFile; fileRef = BCB7E6E64B3EC99F384A2425 /* inter-vietnamese-500-normal-mJboJaSs.woff */; };
		979B064E0F4C508677E8F551 /* inter-greek-700-normal-C3JjAnD8.woff2 in Resources */ = {isa = PBXBuildFile; fileRef = 97A989F634BC5027B5626863 /* inter-greek-700-normal-C3JjAnD8.woff2 */; };
		9AF42C09DAE15395CC81D99E /* inter-greek-700-normal-BUv2fZ6O.woff in Resources */ = {isa = PBXBuildFile; fileRef = 4AAAEF4A7DA9714C261ED964 /* inter-greek-700-normal-BUv2fZ6O.woff */; };
		A27BCDC52D7680DE06C473CE /* icon-192.png in Resources */ = {isa = PBXBuildFile; fileRef = 6BD9E2C774D70DCCB02CD502 /* icon-192.png */; };
		A5DAFBB781FED2C8C2471B8E /* inter-latin-700-normal-Yt3aPRUw.woff2 in Resources */ = {isa = PBXBuildFile; fileRef = EC88089F0CDFE703589C0541 /* inter-latin-700-normal-Yt3aPRUw.woff2 */; };
		A945A2F6222819851AFFA92B /* inter-latin-500-normal-Cerq10X2.woff2 in Resources */ = {isa = PBXBuildFile; fileRef = 5919DFA51860893058675B3E /* inter-latin-500-normal-Cerq10X2.woff2 */; };
		B39958B3CF5DEC928A1F4AEA /* inter-latin-400-normal-CyCys3Eg.woff in Resources */ = {isa = PBXBuildFile; fileRef = B023A649747065931F3891B0 /* inter-latin-400-normal-CyCys3Eg.woff */; };
		B9B1F737B604A997E9B63119 /* inter-cyrillic-ext-400-normal-DQukG94-.woff in Resources */ = {isa = PBXBuildFile; fileRef = 3C82FC517210F7BD0F3B0616 /* inter-cyrillic-ext-400-normal-DQukG94-.woff */; };
		BDECFA19E86D93746B14D331 /* inter-greek-400-normal-B4URO6DV.woff2 in Resources */ = {isa = PBXBuildFile; fileRef = 39B675C1E266EBF0AEECED4C /* inter-greek-400-normal-B4URO6DV.woff2 */; };
		C5F726BF81EB656341113CE3 /* inter-latin-ext-400-normal-77YHD8bZ.woff in Resources */ = {isa = PBXBuildFile; fileRef = CC9773C2A64C4FFFFDC6D234 /* inter-latin-ext-400-normal-77YHD8bZ.woff */; };
		C837292BE13F2E7EFA6830A5 /* index.html in Resources */ = {isa = PBXBuildFile; fileRef = B103807592A184A5BBDAEF6E /* index.html */; };
		CD040B82C6189F0E1CB91DC9 /* inter-cyrillic-400-normal-HOLc17fK.woff in Resources */ = {isa = PBXBuildFile; fileRef = 11CEBB689E171E77E4F16E05 /* inter-cyrillic-400-normal-HOLc17fK.woff */; };
		CD82421AF167C407BB68D1BE /* inter-greek-600-normal-plRanbMR.woff2 in Resources */ = {isa = PBXBuildFile; fileRef = 36950B4307A196454EF80F09 /* inter-greek-600-normal-plRanbMR.woff2 */; };
		CF4F9CC6CB7E9B420A30D675 /* inter-cyrillic-700-normal-CjBOestx.woff2 in Resources */ = {isa = PBXBuildFile; fileRef = C6DA0C6DF85A7FE21B88367D /* inter-cyrillic-700-normal-CjBOestx.woff2 */; };
		D3E906704063749577D9AA6D /* inter-vietnamese-700-normal-DlLaEgI2.woff2 in Resources */ = {isa = PBXBuildFile; fileRef = 7521AC7A50A19A1D19C7580B /* inter-vietnamese-700-normal-DlLaEgI2.woff2 */; };
		D6B81DE3CAF0B5061E21EE6B /* inter-latin-ext-700-normal-Ca8adRJv.woff2 in Resources */ = {isa = PBXBuildFile; fileRef = D29631DD68309A25737A2EEA /* inter-latin-ext-700-normal-Ca8adRJv.woff2 */; };
		D7C41B9EA1BA19A7A1617132 /* TradePadApp.swift in Sources */ = {isa = PBXBuildFile; fileRef = 8CB9673C99CAB5BB16470DA4 /* TradePadApp.swift */; };
		D7E38F4C803916B2C1339555 /* inter-vietnamese-400-normal-DMkecbls.woff2 in Resources */ = {isa = PBXBuildFile; fileRef = 13236112C9B189A9100F5D23 /* inter-vietnamese-400-normal-DMkecbls.woff2 */; };
		DD9F5F83967A058B700E69F1 /* inter-greek-ext-700-normal-BoQ6DsYi.woff in Resources */ = {isa = PBXBuildFile; fileRef = 6577B4822F63D73AB1D776B6 /* inter-greek-ext-700-normal-BoQ6DsYi.woff */; };
		E1EF26035D6E8CF35503A724 /* inter-vietnamese-700-normal-BZaoP0fm.woff in Resources */ = {isa = PBXBuildFile; fileRef = B40CF615CE51FCA00DB584FA /* inter-vietnamese-700-normal-BZaoP0fm.woff */; };
		E829E045B44D3D9B5F07F604 /* inter-latin-ext-500-normal-BxGbmqWO.woff in Resources */ = {isa = PBXBuildFile; fileRef = D1DA0C00511C8B60D3D1BDDE /* inter-latin-ext-500-normal-BxGbmqWO.woff */; };
		E84F04ACBBF34881A32E0EBE /* inter-cyrillic-ext-800-normal-BZOjs1Xv.woff2 in Resources */ = {isa = PBXBuildFile; fileRef = 37291650C9B53F9F226DBED2 /* inter-cyrillic-ext-800-normal-BZOjs1Xv.woff2 */; };
		E998C8CAB4C2AFDA68FE2D68 /* inter-cyrillic-600-normal-4D_pXhcN.woff in Resources */ = {isa = PBXBuildFile; fileRef = 9C155C96F6B96755433B056B /* inter-cyrillic-600-normal-4D_pXhcN.woff */; };
		F71C08FA8A3DB5A3449F2B09 /* inter-cyrillic-800-normal-CCHyn08d.woff in Resources */ = {isa = PBXBuildFile; fileRef = 7AB9CF14B79B7964E8A9AC0A /* inter-cyrillic-800-normal-CCHyn08d.woff */; };
		F76F08F579457C5088F381DF /* inter-latin-600-normal-LgqL8muc.woff2 in Resources */ = {isa = PBXBuildFile; fileRef = BAA91ADD0C7C923A96C58668 /* inter-latin-600-normal-LgqL8muc.woff2 */; };
/* End PBXBuildFile section */

/* Begin PBXContainerItemProxy section */
		998363E5E470ED30CF64EA4B /* PBXContainerItemProxy */ = {
			isa = PBXContainerItemProxy;
			containerPortal = 1759C76267BE04E2D30AC736 /* Project object */;
			proxyType = 1;
			remoteGlobalIDString = CB2DA3447E6A031DF9D457E0;
			remoteInfo = TradePad;
		};
/* End PBXContainerItemProxy section */

/* Begin PBXCopyFilesBuildPhase section */
		0F6FC62E1DEE749F2A728478 /* Embed Frameworks */ = {
			isa = PBXCopyFilesBuildPhase;
			buildActionMask = 2147483647;
			dstPath = "";
			dstSubfolderSpec = 10;
			files = (
			);
			name = "Embed Frameworks";
			runOnlyForDeploymentPostprocessing = 0;
		};
		7B7B90A90981FA31835A3374 /* Embed Frameworks */ = {
			isa = PBXCopyFilesBuildPhase;
			buildActionMask = 2147483647;
			dstPath = "";
			dstSubfolderSpec = 10;
			files = (
			);
			name = "Embed Frameworks";
			runOnlyForDeploymentPostprocessing = 0;
		};
/* End PBXCopyFilesBuildPhase section */

/* Begin PBXFileReference section */
		00F1784CAE5E3148435AF387 /* TuistFonts+TradePad.swift */ = {isa = PBXFileReference; lastKnownFileType = sourcecode.swift; path = "TuistFonts+TradePad.swift"; sourceTree = "<group>"; };
		016ABB9391A5BD23F1993D19 /* inter-greek-ext-400-normal-KugGGMne.woff */ = {isa = PBXFileReference; path = "inter-greek-ext-400-normal-KugGGMne.woff"; sourceTree = "<group>"; };
		0408157822343EB9F447281F /* inter-greek-ext-600-normal-B8X0CLgF.woff */ = {isa = PBXFileReference; path = "inter-greek-ext-600-normal-B8X0CLgF.woff"; sourceTree = "<group>"; };
		05540E0D08D64BD67F26CEC9 /* sw.js */ = {isa = PBXFileReference; lastKnownFileType = sourcecode.javascript; path = sw.js; sourceTree = "<group>"; };
		098BEC21BB3832B172D7E24D /* inter-greek-800-normal-CLIouy3y.woff2 */ = {isa = PBXFileReference; path = "inter-greek-800-normal-CLIouy3y.woff2"; sourceTree = "<group>"; };
		0B291A01291C60EC4B7CE201 /* inter-vietnamese-800-normal-DDlpr_Ee.woff */ = {isa = PBXFileReference; path = "inter-vietnamese-800-normal-DDlpr_Ee.woff"; sourceTree = "<group>"; };
		0B40290BBCBE681A6841A4DE /* inter-cyrillic-ext-700-normal-LO58E6JB.woff */ = {isa = PBXFileReference; path = "inter-cyrillic-ext-700-normal-LO58E6JB.woff"; sourceTree = "<group>"; };
		11CEBB689E171E77E4F16E05 /* inter-cyrillic-400-normal-HOLc17fK.woff */ = {isa = PBXFileReference; path = "inter-cyrillic-400-normal-HOLc17fK.woff"; sourceTree = "<group>"; };
		13236112C9B189A9100F5D23 /* inter-vietnamese-400-normal-DMkecbls.woff2 */ = {isa = PBXFileReference; path = "inter-vietnamese-400-normal-DMkecbls.woff2"; sourceTree = "<group>"; };
		1E7B7732D2C898E77BC35670 /* inter-greek-ext-500-normal-2j5mBUwD.woff */ = {isa = PBXFileReference; path = "inter-greek-ext-500-normal-2j5mBUwD.woff"; sourceTree = "<group>"; };
		26BBF70ABC2442B1310AE099 /* TradePad.app */ = {isa = PBXFileReference; explicitFileType = wrapper.application; includeInIndex = 0; path = TradePad.app; sourceTree = BUILT_PRODUCTS_DIR; };
		2D6B10482F0F504D85BF2C94 /* manifest.json */ = {isa = PBXFileReference; lastKnownFileType = text.json; path = manifest.json; sourceTree = "<group>"; };
		31BD09930E613E8E7FCA7C10 /* inter-latin-700-normal-BLAVimhd.woff */ = {isa = PBXFileReference; path = "inter-latin-700-normal-BLAVimhd.woff"; sourceTree = "<group>"; };
		36950B4307A196454EF80F09 /* inter-greek-600-normal-plRanbMR.woff2 */ = {isa = PBXFileReference; path = "inter-greek-600-normal-plRanbMR.woff2"; sourceTree = "<group>"; };
		36958EB9DCD43A89D5A89CAD /* TradePadTests-Info.plist */ = {isa = PBXFileReference; lastKnownFileType = text.plist; path = "TradePadTests-Info.plist"; sourceTree = "<group>"; };
		37291650C9B53F9F226DBED2 /* inter-cyrillic-ext-800-normal-BZOjs1Xv.woff2 */ = {isa = PBXFileReference; path = "inter-cyrillic-ext-800-normal-BZOjs1Xv.woff2"; sourceTree = "<group>"; };
		39B675C1E266EBF0AEECED4C /* inter-greek-400-normal-B4URO6DV.woff2 */ = {isa = PBXFileReference; path = "inter-greek-400-normal-B4URO6DV.woff2"; sourceTree = "<group>"; };
		39CFD0738E4CB8081211A881 /* inter-cyrillic-ext-600-normal-Dfes3d0z.woff2 */ = {isa = PBXFileReference; path = "inter-cyrillic-ext-600-normal-Dfes3d0z.woff2"; sourceTree = "<group>"; };
		3C82FC517210F7BD0F3B0616 /* inter-cyrillic-ext-400-normal-DQukG94-.woff */ = {isa = PBXFileReference; path = "inter-cyrillic-ext-400-normal-DQukG94-.woff"; sourceTree = "<group>"; };
		3F26511639A6F27CA240CAF4 /* registerSW.js */ = {isa = PBXFileReference; lastKnownFileType = sourcecode.javascript; path = registerSW.js; sourceTree = "<group>"; };
		3F5DC409FDC2DE7C6BBFECFE /* WebContentView.swift */ = {isa = PBXFileReference; lastKnownFileType = sourcecode.swift; path = WebContentView.swift; sourceTree = "<group>"; };
		46C040AB8884B7D5ABFE8F85 /* inter-vietnamese-600-normal-Cc8MFFhd.woff2 */ = {isa = PBXFileReference; path = "inter-vietnamese-600-normal-Cc8MFFhd.woff2"; sourceTree = "<group>"; };
		49D1744E050F6C6AA8EA2C9A /* inter-cyrillic-ext-700-normal-BjwYoWNd.woff2 */ = {isa = PBXFileReference; path = "inter-cyrillic-ext-700-normal-BjwYoWNd.woff2"; sourceTree = "<group>"; };
		4AAAEF4A7DA9714C261ED964 /* inter-greek-700-normal-BUv2fZ6O.woff */ = {isa = PBXFileReference; path = "inter-greek-700-normal-BUv2fZ6O.woff"; sourceTree = "<group>"; };
		540C467F88817C8DCD7EC068 /* inter-latin-ext-500-normal-CV4jyFjo.woff2 */ = {isa = PBXFileReference; path = "inter-latin-ext-500-normal-CV4jyFjo.woff2"; sourceTree = "<group>"; };
		5645DA8254ABF8515D764A45 /* index-D8JHvmNU.js */ = {isa = PBXFileReference; lastKnownFileType = sourcecode.javascript; path = "index-D8JHvmNU.js"; sourceTree = "<group>"; };
		5919DFA51860893058675B3E /* inter-latin-500-normal-Cerq10X2.woff2 */ = {isa = PBXFileReference; path = "inter-latin-500-normal-Cerq10X2.woff2"; sourceTree = "<group>"; };
		5A96A31BC49E88EC1BD7B52E /* inter-latin-800-normal-D1mf63XC.woff */ = {isa = PBXFileReference; path = "inter-latin-800-normal-D1mf63XC.woff"; sourceTree = "<group>"; };
		5C890216858138E9B582640E /* inter-cyrillic-ext-400-normal-BQZuk6qB.woff2 */ = {isa = PBXFileReference; path = "inter-cyrillic-ext-400-normal-BQZuk6qB.woff2"; sourceTree = "<group>"; };
		626E9C6B28A6859F61F89288 /* inter-greek-400-normal-q2sYcFCs.woff */ = {isa = PBXFileReference; path = "inter-greek-400-normal-q2sYcFCs.woff"; sourceTree = "<group>"; };
		645DC350F9A50DA2F879B538 /* inter-greek-ext-800-normal-DUe57HfS.woff */ = {isa = PBXFileReference; path = "inter-greek-ext-800-normal-DUe57HfS.woff"; sourceTree = "<group>"; };
		6577B4822F63D73AB1D776B6 /* inter-greek-ext-700-normal-BoQ6DsYi.woff */ = {isa = PBXFileReference; path = "inter-greek-ext-700-normal-BoQ6DsYi.woff"; sourceTree = "<group>"; };
		679DF941B166661BC14BBEFB /* inter-latin-ext-800-normal-BOMpwxm3.woff */ = {isa = PBXFileReference; path = "inter-latin-ext-800-normal-BOMpwxm3.woff"; sourceTree = "<group>"; };
		6BD9E2C774D70DCCB02CD502 /* icon-192.png */ = {isa = PBXFileReference; lastKnownFileType = image.png; path = "icon-192.png"; sourceTree = "<group>"; };
		72A2F086F0539D98C0EEAB15 /* inter-greek-ext-800-normal-B--PVpEC.woff2 */ = {isa = PBXFileReference; path = "inter-greek-ext-800-normal-B--PVpEC.woff2"; sourceTree = "<group>"; };
		7315B4771186C482EEEF394B /* inter-cyrillic-ext-500-normal-BmqWE9Dz.woff */ = {isa = PBXFileReference; path = "inter-cyrillic-ext-500-normal-BmqWE9Dz.woff"; sourceTree = "<group>"; };
		7521AC7A50A19A1D19C7580B /* inter-vietnamese-700-normal-DlLaEgI2.woff2 */ = {isa = PBXFileReference; path = "inter-vietnamese-700-normal-DlLaEgI2.woff2"; sourceTree = "<group>"; };
		75E73331F456485C9F0CB2A3 /* inter-cyrillic-ext-600-normal-Bcila6Z-.woff */ = {isa = PBXFileReference; path = "inter-cyrillic-ext-600-normal-Bcila6Z-.woff"; sourceTree = "<group>"; };
		7871A914AFB5C289D88742EF /* icon-512.png */ = {isa = PBXFileReference; lastKnownFileType = image.png; path = "icon-512.png"; sourceTree = "<group>"; };
		7AB9CF14B79B7964E8A9AC0A /* inter-cyrillic-800-normal-CCHyn08d.woff */ = {isa = PBXFileReference; path = "inter-cyrillic-800-normal-CCHyn08d.woff"; sourceTree = "<group>"; };
		7E1D32B2A8B2D6E1EB91D3E5 /* inter-greek-500-normal-BIZE56-Y.woff2 */ = {isa = PBXFileReference; path = "inter-greek-500-normal-BIZE56-Y.woff2"; sourceTree = "<group>"; };
		862392724D0A963022B85A17 /* inter-latin-ext-600-normal-CIVaiw4L.woff */ = {isa = PBXFileReference; path = "inter-latin-ext-600-normal-CIVaiw4L.woff"; sourceTree = "<group>"; };
		8633AD7F684566576EA53BB5 /* inter-cyrillic-500-normal-BasfLYem.woff2 */ = {isa = PBXFileReference; path = "inter-cyrillic-500-normal-BasfLYem.woff2"; sourceTree = "<group>"; };
		86E0AAD1884988B436B0FF15 /* inter-latin-600-normal-CiBQ2DWP.woff */ = {isa = PBXFileReference; path = "inter-latin-600-normal-CiBQ2DWP.woff"; sourceTree = "<group>"; };
		8846FF2C6553E5070701E09F /* inter-cyrillic-800-normal-C7MGvYyJ.woff2 */ = {isa = PBXFileReference; path = "inter-cyrillic-800-normal-C7MGvYyJ.woff2"; sourceTree = "<group>"; };
		8C5644C1F3176C5A04BB9A25 /* inter-vietnamese-500-normal-DOriooB6.woff2 */ = {isa = PBXFileReference; path = "inter-vietnamese-500-normal-DOriooB6.woff2"; sourceTree = "<group>"; };
		8CB9673C99CAB5BB16470DA4 /* TradePadApp.swift */ = {isa = PBXFileReference; lastKnownFileType = sourcecode.swift; path = TradePadApp.swift; sourceTree = "<group>"; };
		91F070CE7D0D63954F34FF68 /* inter-vietnamese-400-normal-Bbgyi5SW.woff */ = {isa = PBXFileReference; path = "inter-vietnamese-400-normal-Bbgyi5SW.woff"; sourceTree = "<group>"; };
		9451588E2A75CDAAAC8FE96B /* inter-greek-600-normal-BZpKdvQh.woff */ = {isa = PBXFileReference; path = "inter-greek-600-normal-BZpKdvQh.woff"; sourceTree = "<group>"; };
		96E3E312946A6B8F8A977CFB /* inter-vietnamese-800-normal-Cm7tD1pz.woff2 */ = {isa = PBXFileReference; path = "inter-vietnamese-800-normal-Cm7tD1pz.woff2"; sourceTree = "<group>"; };
		97A989F634BC5027B5626863 /* inter-greek-700-normal-C3JjAnD8.woff2 */ = {isa = PBXFileReference; path = "inter-greek-700-normal-C3JjAnD8.woff2"; sourceTree = "<group>"; };
		9869B820438C3547D0E99D45 /* inter-latin-800-normal-BYj_oED-.woff2 */ = {isa = PBXFileReference; path = "inter-latin-800-normal-BYj_oED-.woff2"; sourceTree = "<group>"; };
		9C155C96F6B96755433B056B /* inter-cyrillic-600-normal-4D_pXhcN.woff */ = {isa = PBXFileReference; path = "inter-cyrillic-600-normal-4D_pXhcN.woff"; sourceTree = "<group>"; };
		9DB3161B85DBF41FE43E8771 /* inter-cyrillic-400-normal-obahsSVq.woff2 */ = {isa = PBXFileReference; path = "inter-cyrillic-400-normal-obahsSVq.woff2"; sourceTree = "<group>"; };
		9F1A9FA5A110F2DE31166C94 /* inter-greek-800-normal-BU00tryP.woff */ = {isa = PBXFileReference; path = "inter-greek-800-normal-BU00tryP.woff"; sourceTree = "<group>"; };
		A30E3EB233CB35D13772B29D /* inter-latin-ext-600-normal-D2bJ5OIk.woff2 */ = {isa = PBXFileReference; path = "inter-latin-ext-600-normal-D2bJ5OIk.woff2"; sourceTree = "<group>"; };
		AB1C5D76520AE91E55F33507 /* TradePadTests.swift */ = {isa = PBXFileReference; lastKnownFileType = sourcecode.swift; path = TradePadTests.swift; sourceTree = "<group>"; };
		ADECF48C99DF913D7124D2D5 /* TradePad-Info.plist */ = {isa = PBXFileReference; lastKnownFileType = text.plist; path = "TradePad-Info.plist"; sourceTree = "<group>"; };
		B023A649747065931F3891B0 /* inter-latin-400-normal-CyCys3Eg.woff */ = {isa = PBXFileReference; path = "inter-latin-400-normal-CyCys3Eg.woff"; sourceTree = "<group>"; };
		B103807592A184A5BBDAEF6E /* index.html */ = {isa = PBXFileReference; lastKnownFileType = text.html; path = index.html; sourceTree = "<group>"; };
		B2723DC4624B76E409D241D2 /* inter-cyrillic-ext-800-normal-Ca-gJeZY.woff */ = {isa = PBXFileReference; path = "inter-cyrillic-ext-800-normal-Ca-gJeZY.woff"; sourceTree = "<group>"; };
		B3050E4E44AC7817A866AE80 /* inter-greek-500-normal-Xzm54t5V.woff */ = {isa = PBXFileReference; path = "inter-greek-500-normal-Xzm54t5V.woff"; sourceTree = "<group>"; };
		B40CF615CE51FCA00DB584FA /* inter-vietnamese-700-normal-BZaoP0fm.woff */ = {isa = PBXFileReference; path = "inter-vietnamese-700-normal-BZaoP0fm.woff"; sourceTree = "<group>"; };
		B4D96E22A9EE74238FB5E10E /* inter-cyrillic-700-normal-DrXBdSj3.woff */ = {isa = PBXFileReference; path = "inter-cyrillic-700-normal-DrXBdSj3.woff"; sourceTree = "<group>"; };
		B590620159E35C87355DB58E /* inter-latin-500-normal-BL9OpVg8.woff */ = {isa = PBXFileReference; path = "inter-latin-500-normal-BL9OpVg8.woff"; sourceTree = "<group>"; };
		B7592BAE5FD094FB2062528B /* TradePadTests.xctest */ = {isa = PBXFileReference; explicitFileType = wrapper.cfbundle; includeInIndex = 0; path = TradePadTests.xctest; sourceTree = BUILT_PRODUCTS_DIR; };
		B7D9E69CEDCE6172070BCCE7 /* index-Jth5vXkC.css */ = {isa = PBXFileReference; lastKnownFileType = text.css; path = "index-Jth5vXkC.css"; sourceTree = "<group>"; };
		B81658573C75ABF78922ACE2 /* ContentView.swift */ = {isa = PBXFileReference; lastKnownFileType = sourcecode.swift; path = ContentView.swift; sourceTree = "<group>"; };
		B8FB1101479AE60DABEE9DFA /* inter-cyrillic-ext-500-normal-B0yAr1jD.woff2 */ = {isa = PBXFileReference; path = "inter-cyrillic-ext-500-normal-B0yAr1jD.woff2"; sourceTree = "<group>"; };
		BAA91ADD0C7C923A96C58668 /* inter-latin-600-normal-LgqL8muc.woff2 */ = {isa = PBXFileReference; path = "inter-latin-600-normal-LgqL8muc.woff2"; sourceTree = "<group>"; };
		BCB7E6E64B3EC99F384A2425 /* inter-vietnamese-500-normal-mJboJaSs.woff */ = {isa = PBXFileReference; path = "inter-vietnamese-500-normal-mJboJaSs.woff"; sourceTree = "<group>"; };
		C1C5D5F3123995E8688EA37D /* inter-latin-ext-700-normal-TidjK2hL.woff */ = {isa = PBXFileReference; path = "inter-latin-ext-700-normal-TidjK2hL.woff"; sourceTree = "<group>"; };
		C44DDE689DF4632F400B5FA7 /* inter-vietnamese-600-normal-BuLX-rYi.woff */ = {isa = PBXFileReference; path = "inter-vietnamese-600-normal-BuLX-rYi.woff"; sourceTree = "<group>"; };
		C6DA0C6DF85A7FE21B88367D /* inter-cyrillic-700-normal-CjBOestx.woff2 */ = {isa = PBXFileReference; path = "inter-cyrillic-700-normal-CjBOestx.woff2"; sourceTree = "<group>"; };
		CC9773C2A64C4FFFFDC6D234 /* inter-latin-ext-400-normal-77YHD8bZ.woff */ = {isa = PBXFileReference; path = "inter-latin-ext-400-normal-77YHD8bZ.woff"; sourceTree = "<group>"; };
		D1DA0C00511C8B60D3D1BDDE /* inter-latin-ext-500-normal-BxGbmqWO.woff */ = {isa = PBXFileReference; path = "inter-latin-ext-500-normal-BxGbmqWO.woff"; sourceTree = "<group>"; };
		D29631DD68309A25737A2EEA /* inter-latin-ext-700-normal-Ca8adRJv.woff2 */ = {isa = PBXFileReference; path = "inter-latin-ext-700-normal-Ca8adRJv.woff2"; sourceTree = "<group>"; };
		D3F3C86951B4509E9F643F72 /* inter-latin-ext-800-normal-DZJjya6U.woff2 */ = {isa = PBXFileReference; path = "inter-latin-ext-800-normal-DZJjya6U.woff2"; sourceTree = "<group>"; };
		D6BF60BBDB5205F47F5708D6 /* inter-greek-ext-500-normal-C4iEst2y.woff2 */ = {isa = PBXFileReference; path = "inter-greek-ext-500-normal-C4iEst2y.woff2"; sourceTree = "<group>"; };
		DB169085DEDA7C843580E37A /* inter-latin-400-normal-C38fXH4l.woff2 */ = {isa = PBXFileReference; path = "inter-latin-400-normal-C38fXH4l.woff2"; sourceTree = "<group>"; };
		E08253BF75D5E9B10844E201 /* inter-latin-ext-400-normal-C1nco2VV.woff2 */ = {isa = PBXFileReference; path = "inter-latin-ext-400-normal-C1nco2VV.woff2"; sourceTree = "<group>"; };
		EABCAB20FAE2AD293DD33D35 /* inter-cyrillic-500-normal-CxZf_p3X.woff */ = {isa = PBXFileReference; path = "inter-cyrillic-500-normal-CxZf_p3X.woff"; sourceTree = "<group>"; };
		EC88089F0CDFE703589C0541 /* inter-latin-700-normal-Yt3aPRUw.woff2 */ = {isa = PBXFileReference; path = "inter-latin-700-normal-Yt3aPRUw.woff2"; sourceTree = "<group>"; };
		F1A6AF6E385551058811E8E6 /* inter-greek-ext-700-normal-qfdV9bQt.woff2 */ = {isa = PBXFileReference; path = "inter-greek-ext-700-normal-qfdV9bQt.woff2"; sourceTree = "<group>"; };
		F2722055244831A1FF637FFA /* inter-cyrillic-600-normal-CWCymEST.woff2 */ = {isa = PBXFileReference; path = "inter-cyrillic-600-normal-CWCymEST.woff2"; sourceTree = "<group>"; };
		F3A0EA39794853EF0558F041 /* inter-greek-ext-400-normal-DGGRlc-M.woff2 */ = {isa = PBXFileReference; path = "inter-greek-ext-400-normal-DGGRlc-M.woff2"; sourceTree = "<group>"; };
		FAC9C23D3E0E63CCC1D5B807 /* inter-greek-ext-600-normal-DRtmH8MT.woff2 */ = {isa = PBXFileReference; path = "inter-greek-ext-600-normal-DRtmH8MT.woff2"; sourceTree = "<group>"; };
		FF03E18BEC0DC49E62575300 /* TuistBundle+TradePad.swift */ = {isa = PBXFileReference; lastKnownFileType = sourcecode.swift; path = "TuistBundle+TradePad.swift"; sourceTree = "<group>"; };
/* End PBXFileReference section */

/* Begin PBXFrameworksBuildPhase section */
		C0CD3C7821C745A2D8762537 /* Frameworks */ = {
			isa = PBXFrameworksBuildPhase;
			buildActionMask = 2147483647;
			files = (
			);
			runOnlyForDeploymentPostprocessing = 0;
		};
		FA05583550EB2B631791C055 /* Frameworks */ = {
			isa = PBXFrameworksBuildPhase;
			buildActionMask = 2147483647;
			files = (
			);
			runOnlyForDeploymentPostprocessing = 0;
		};
/* End PBXFrameworksBuildPhase section */

/* Begin PBXGroup section */
		0B500A88894D132DF399644A /* TradePadTests */ = {
			isa = PBXGroup;
			children = (
				AB1C5D76520AE91E55F33507 /* TradePadTests.swift */,
			);
			path = TradePadTests;
			sourceTree = "<group>";
		};
		1C886E24041FEFA3E0F7CE2E /* TradePad */ = {
			isa = PBXGroup;
			children = (
				B81658573C75ABF78922ACE2 /* ContentView.swift */,
				8CB9673C99CAB5BB16470DA4 /* TradePadApp.swift */,
				3F5DC409FDC2DE7C6BBFECFE /* WebContentView.swift */,
			);
			path = TradePad;
			sourceTree = "<group>";
		};
		1D32F650C37A98A180DA4473 /* assets */ = {
			isa = PBXGroup;
			children = (
				5645DA8254ABF8515D764A45 /* index-D8JHvmNU.js */,
				B7D9E69CEDCE6172070BCCE7 /* index-Jth5vXkC.css */,
				11CEBB689E171E77E4F16E05 /* inter-cyrillic-400-normal-HOLc17fK.woff */,
				9DB3161B85DBF41FE43E8771 /* inter-cyrillic-400-normal-obahsSVq.woff2 */,
				8633AD7F684566576EA53BB5 /* inter-cyrillic-500-normal-BasfLYem.woff2 */,
				EABCAB20FAE2AD293DD33D35 /* inter-cyrillic-500-normal-CxZf_p3X.woff */,
				9C155C96F6B96755433B056B /* inter-cyrillic-600-normal-4D_pXhcN.woff */,
				F2722055244831A1FF637FFA /* inter-cyrillic-600-normal-CWCymEST.woff2 */,
				C6DA0C6DF85A7FE21B88367D /* inter-cyrillic-700-normal-CjBOestx.woff2 */,
				B4D96E22A9EE74238FB5E10E /* inter-cyrillic-700-normal-DrXBdSj3.woff */,
				8846FF2C6553E5070701E09F /* inter-cyrillic-800-normal-C7MGvYyJ.woff2 */,
				7AB9CF14B79B7964E8A9AC0A /* inter-cyrillic-800-normal-CCHyn08d.woff */,
				5C890216858138E9B582640E /* inter-cyrillic-ext-400-normal-BQZuk6qB.woff2 */,
				3C82FC517210F7BD0F3B0616 /* inter-cyrillic-ext-400-normal-DQukG94-.woff */,
				B8FB1101479AE60DABEE9DFA /* inter-cyrillic-ext-500-normal-B0yAr1jD.woff2 */,
				7315B4771186C482EEEF394B /* inter-cyrillic-ext-500-normal-BmqWE9Dz.woff */,
				75E73331F456485C9F0CB2A3 /* inter-cyrillic-ext-600-normal-Bcila6Z-.woff */,
				39CFD0738E4CB8081211A881 /* inter-cyrillic-ext-600-normal-Dfes3d0z.woff2 */,
				49D1744E050F6C6AA8EA2C9A /* inter-cyrillic-ext-700-normal-BjwYoWNd.woff2 */,
				0B40290BBCBE681A6841A4DE /* inter-cyrillic-ext-700-normal-LO58E6JB.woff */,
				37291650C9B53F9F226DBED2 /* inter-cyrillic-ext-800-normal-BZOjs1Xv.woff2 */,
				B2723DC4624B76E409D241D2 /* inter-cyrillic-ext-800-normal-Ca-gJeZY.woff */,
				39B675C1E266EBF0AEECED4C /* inter-greek-400-normal-B4URO6DV.woff2 */,
				626E9C6B28A6859F61F89288 /* inter-greek-400-normal-q2sYcFCs.woff */,
				7E1D32B2A8B2D6E1EB91D3E5 /* inter-greek-500-normal-BIZE56-Y.woff2 */,
				B3050E4E44AC7817A866AE80 /* inter-greek-500-normal-Xzm54t5V.woff */,
				9451588E2A75CDAAAC8FE96B /* inter-greek-600-normal-BZpKdvQh.woff */,
				36950B4307A196454EF80F09 /* inter-greek-600-normal-plRanbMR.woff2 */,
				4AAAEF4A7DA9714C261ED964 /* inter-greek-700-normal-BUv2fZ6O.woff */,
				97A989F634BC5027B5626863 /* inter-greek-700-normal-C3JjAnD8.woff2 */,
				9F1A9FA5A110F2DE31166C94 /* inter-greek-800-normal-BU00tryP.woff */,
				098BEC21BB3832B172D7E24D /* inter-greek-800-normal-CLIouy3y.woff2 */,
				F3A0EA39794853EF0558F041 /* inter-greek-ext-400-normal-DGGRlc-M.woff2 */,
				016ABB9391A5BD23F1993D19 /* inter-greek-ext-400-normal-KugGGMne.woff */,
				1E7B7732D2C898E77BC35670 /* inter-greek-ext-500-normal-2j5mBUwD.woff */,
				D6BF60BBDB5205F47F5708D6 /* inter-greek-ext-500-normal-C4iEst2y.woff2 */,
				0408157822343EB9F447281F /* inter-greek-ext-600-normal-B8X0CLgF.woff */,
				FAC9C23D3E0E63CCC1D5B807 /* inter-greek-ext-600-normal-DRtmH8MT.woff2 */,
				6577B4822F63D73AB1D776B6 /* inter-greek-ext-700-normal-BoQ6DsYi.woff */,
				F1A6AF6E385551058811E8E6 /* inter-greek-ext-700-normal-qfdV9bQt.woff2 */,
				72A2F086F0539D98C0EEAB15 /* inter-greek-ext-800-normal-B--PVpEC.woff2 */,
				645DC350F9A50DA2F879B538 /* inter-greek-ext-800-normal-DUe57HfS.woff */,
				DB169085DEDA7C843580E37A /* inter-latin-400-normal-C38fXH4l.woff2 */,
				B023A649747065931F3891B0 /* inter-latin-400-normal-CyCys3Eg.woff */,
				B590620159E35C87355DB58E /* inter-latin-500-normal-BL9OpVg8.woff */,
				5919DFA51860893058675B3E /* inter-latin-500-normal-Cerq10X2.woff2 */,
				86E0AAD1884988B436B0FF15 /* inter-latin-600-normal-CiBQ2DWP.woff */,
				BAA91ADD0C7C923A96C58668 /* inter-latin-600-normal-LgqL8muc.woff2 */,
				31BD09930E613E8E7FCA7C10 /* inter-latin-700-normal-BLAVimhd.woff */,
				EC88089F0CDFE703589C0541 /* inter-latin-700-normal-Yt3aPRUw.woff2 */,
				9869B820438C3547D0E99D45 /* inter-latin-800-normal-BYj_oED-.woff2 */,
				5A96A31BC49E88EC1BD7B52E /* inter-latin-800-normal-D1mf63XC.woff */,
				CC9773C2A64C4FFFFDC6D234 /* inter-latin-ext-400-normal-77YHD8bZ.woff */,
				E08253BF75D5E9B10844E201 /* inter-latin-ext-400-normal-C1nco2VV.woff2 */,
				D1DA0C00511C8B60D3D1BDDE /* inter-latin-ext-500-normal-BxGbmqWO.woff */,
				540C467F88817C8DCD7EC068 /* inter-latin-ext-500-normal-CV4jyFjo.woff2 */,
				862392724D0A963022B85A17 /* inter-latin-ext-600-normal-CIVaiw4L.woff */,
				A30E3EB233CB35D13772B29D /* inter-latin-ext-600-normal-D2bJ5OIk.woff2 */,
				D29631DD68309A25737A2EEA /* inter-latin-ext-700-normal-Ca8adRJv.woff2 */,
				C1C5D5F3123995E8688EA37D /* inter-latin-ext-700-normal-TidjK2hL.woff */,
				679DF941B166661BC14BBEFB /* inter-latin-ext-800-normal-BOMpwxm3.woff */,
				D3F3C86951B4509E9F643F72 /* inter-latin-ext-800-normal-DZJjya6U.woff2 */,
				91F070CE7D0D63954F34FF68 /* inter-vietnamese-400-normal-Bbgyi5SW.woff */,
				13236112C9B189A9100F5D23 /* inter-vietnamese-400-normal-DMkecbls.woff2 */,
				8C5644C1F3176C5A04BB9A25 /* inter-vietnamese-500-normal-DOriooB6.woff2 */,
				BCB7E6E64B3EC99F384A2425 /* inter-vietnamese-500-normal-mJboJaSs.woff */,
				C44DDE689DF4632F400B5FA7 /* inter-vietnamese-600-normal-BuLX-rYi.woff */,
				46C040AB8884B7D5ABFE8F85 /* inter-vietnamese-600-normal-Cc8MFFhd.woff2 */,
				B40CF615CE51FCA00DB584FA /* inter-vietnamese-700-normal-BZaoP0fm.woff */,
				7521AC7A50A19A1D19C7580B /* inter-vietnamese-700-normal-DlLaEgI2.woff2 */,
				96E3E312946A6B8F8A977CFB /* inter-vietnamese-800-normal-Cm7tD1pz.woff2 */,
				0B291A01291C60EC4B7CE201 /* inter-vietnamese-800-normal-DDlpr_Ee.woff */,
			);
			path = assets;
			sourceTree = "<group>";
		};
		40AA353A814DD08AE65AF801 /* Tests */ = {
			isa = PBXGroup;
			children = (
				0B500A88894D132DF399644A /* TradePadTests */,
			);
			path = Tests;
			sourceTree = "<group>";
		};
		4D4F4533589A960DC5C0C69D /* Project */ = {
			isa = PBXGroup;
			children = (
				698168071C8F93AF5BB99AB0 /* Derived */,
				A06AD2E306B7539C13644741 /* Resources */,
				4DDCAA0E3D2EB8200CD0EFC6 /* Sources */,
				40AA353A814DD08AE65AF801 /* Tests */,
			);
			name = Project;
			sourceTree = "<group>";
		};
		4DDCAA0E3D2EB8200CD0EFC6 /* Sources */ = {
			isa = PBXGroup;
			children = (
				1C886E24041FEFA3E0F7CE2E /* TradePad */,
			);
			path = Sources;
			sourceTree = "<group>";
		};
		698168071C8F93AF5BB99AB0 /* Derived */ = {
			isa = PBXGroup;
			children = (
				F83310D2B19F3FE4EBDEF902 /* InfoPlists */,
				80DDC8AD6BC6C5C6E11F5E77 /* Sources */,
			);
			path = Derived;
			sourceTree = "<group>";
		};
		80DDC8AD6BC6C5C6E11F5E77 /* Sources */ = {
			isa = PBXGroup;
			children = (
				FF03E18BEC0DC49E62575300 /* TuistBundle+TradePad.swift */,
				00F1784CAE5E3148435AF387 /* TuistFonts+TradePad.swift */,
			);
			path = Sources;
			sourceTree = "<group>";
		};
		852B4B012FF447E8A6AE35ED /* Web */ = {
			isa = PBXGroup;
			children = (
				1D32F650C37A98A180DA4473 /* assets */,
				FE1DACCA70DB55CE457248E4 /* icons */,
				B103807592A184A5BBDAEF6E /* index.html */,
				2D6B10482F0F504D85BF2C94 /* manifest.json */,
				3F26511639A6F27CA240CAF4 /* registerSW.js */,
				05540E0D08D64BD67F26CEC9 /* sw.js */,
			);
			path = Web;
			sourceTree = "<group>";
		};
		974C35449C71E58B23E5708A /* Products */ = {
			isa = PBXGroup;
			children = (
				26BBF70ABC2442B1310AE099 /* TradePad.app */,
				B7592BAE5FD094FB2062528B /* TradePadTests.xctest */,
			);
			name = Products;
			sourceTree = "<group>";
		};
		9B6E44D2E4A5D18AEA66F71F = {
			isa = PBXGroup;
			children = (
				974C35449C71E58B23E5708A /* Products */,
				4D4F4533589A960DC5C0C69D /* Project */,
			);
			sourceTree = "<group>";
		};
		A06AD2E306B7539C13644741 /* Resources */ = {
			isa = PBXGroup;
			children = (
				852B4B012FF447E8A6AE35ED /* Web */,
			);
			path = Resources;
			sourceTree = "<group>";
		};
		F83310D2B19F3FE4EBDEF902 /* InfoPlists */ = {
			isa = PBXGroup;
			children = (
				ADECF48C99DF913D7124D2D5 /* TradePad-Info.plist */,
				36958EB9DCD43A89D5A89CAD /* TradePadTests-Info.plist */,
			);
			path = InfoPlists;
			sourceTree = "<group>";
		};
		FE1DACCA70DB55CE457248E4 /* icons */ = {
			isa = PBXGroup;
			children = (
				6BD9E2C774D70DCCB02CD502 /* icon-192.png */,
				7871A914AFB5C289D88742EF /* icon-512.png */,
			);
			path = icons;
			sourceTree = "<group>";
		};
/* End PBXGroup section */

/* Begin PBXNativeTarget section */
		CB2DA3447E6A031DF9D457E0 /* TradePad */ = {
			isa = PBXNativeTarget;
			buildConfigurationList = E9340118B1CDE43ED56087C6 /* Build configuration list for PBXNativeTarget "TradePad" */;
			buildPhases = (
				E784F0A011C1A3B122D51913 /* Sources */,
				9480A2330582F83EB9ED7BDD /* Resources */,
				FA05583550EB2B631791C055 /* Frameworks */,
				0F6FC62E1DEE749F2A728478 /* Embed Frameworks */,
			);
			buildRules = (
			);
			dependencies = (
			);
			name = TradePad;
			packageProductDependencies = (
			);
			productName = TradePad;
			productReference = 26BBF70ABC2442B1310AE099 /* TradePad.app */;
			productType = "com.apple.product-type.application";
		};
		F6CD27D77E4B08A75650C6D6 /* TradePadTests */ = {
			isa = PBXNativeTarget;
			buildConfigurationList = FA6E7AC75935EF31A9EF9980 /* Build configuration list for PBXNativeTarget "TradePadTests" */;
			buildPhases = (
				D941909A30334A34118CB98B /* Sources */,
				68F15799D1ED8FDEF53431F5 /* Resources */,
				C0CD3C7821C745A2D8762537 /* Frameworks */,
				7B7B90A90981FA31835A3374 /* Embed Frameworks */,
			);
			buildRules = (
			);
			dependencies = (
				5AF1C34B73BA98681F76CA92 /* PBXTargetDependency */,
			);
			name = TradePadTests;
			packageProductDependencies = (
			);
			productName = TradePadTests;
			productReference = B7592BAE5FD094FB2062528B /* TradePadTests.xctest */;
			productType = "com.apple.product-type.bundle.unit-test";
		};
/* End PBXNativeTarget section */

/* Begin PBXProject section */
		1759C76267BE04E2D30AC736 /* Project object */ = {
			isa = PBXProject;
			attributes = {
				BuildIndependentTargetsInParallel = YES;
				TargetAttributes = {
					F6CD27D77E4B08A75650C6D6 = {
						TestTargetID = CB2DA3447E6A031DF9D457E0;
					};
				};
			};
			buildConfigurationList = 1122923E21B2D6C2064F9FEC /* Build configuration list for PBXProject "TradePad" */;
			compatibilityVersion = "Xcode 14.0";
			developmentRegion = en;
			hasScannedForEncodings = 0;
			knownRegions = (
				Base,
				en,
			);
			mainGroup = 9B6E44D2E4A5D18AEA66F71F;
			productRefGroup = 974C35449C71E58B23E5708A /* Products */;
			projectDirPath = "";
			projectRoot = "";
			targets = (
				CB2DA3447E6A031DF9D457E0 /* TradePad */,
				F6CD27D77E4B08A75650C6D6 /* TradePadTests */,
			);
		};
/* End PBXProject section */

/* Begin PBXResourcesBuildPhase section */
		68F15799D1ED8FDEF53431F5 /* Resources */ = {
			isa = PBXResourcesBuildPhase;
			buildActionMask = 2147483647;
			files = (
			);
			runOnlyForDeploymentPostprocessing = 0;
		};
		9480A2330582F83EB9ED7BDD /* Resources */ = {
			isa = PBXResourcesBuildPhase;
			buildActionMask = 2147483647;
			files = (
				29FF0ECA82CFABCE20CC56A4 /* index-D8JHvmNU.js in Resources */,
				1DAA832A08777772692A7C43 /* index-Jth5vXkC.css in Resources */,
				CD040B82C6189F0E1CB91DC9 /* inter-cyrillic-400-normal-HOLc17fK.woff in Resources */,
				46CAEE3A752B66D9A9CDA6B8 /* inter-cyrillic-400-normal-obahsSVq.woff2 in Resources */,
				3EC207BA8B528666DA4751AA /* inter-cyrillic-500-normal-BasfLYem.woff2 in Resources */,
				171CD5641338FF0AB524D323 /* inter-cyrillic-500-normal-CxZf_p3X.woff in Resources */,
				E998C8CAB4C2AFDA68FE2D68 /* inter-cyrillic-600-normal-4D_pXhcN.woff in Resources */,
				7E07EE1063B94CE4D3A28491 /* inter-cyrillic-600-normal-CWCymEST.woff2 in Resources */,
				CF4F9CC6CB7E9B420A30D675 /* inter-cyrillic-700-normal-CjBOestx.woff2 in Resources */,
				6EE8709DA74861020D4253B5 /* inter-cyrillic-700-normal-DrXBdSj3.woff in Resources */,
				7AA08EF8073702A9BF21E8AD /* inter-cyrillic-800-normal-C7MGvYyJ.woff2 in Resources */,
				F71C08FA8A3DB5A3449F2B09 /* inter-cyrillic-800-normal-CCHyn08d.woff in Resources */,
				78E8AF77EEA99DA88FD2020F /* inter-cyrillic-ext-400-normal-BQZuk6qB.woff2 in Resources */,
				B9B1F737B604A997E9B63119 /* inter-cyrillic-ext-400-normal-DQukG94-.woff in Resources */,
				2A01F9A12A112D78FA23A124 /* inter-cyrillic-ext-500-normal-B0yAr1jD.woff2 in Resources */,
				5997D42544B2C648567282E1 /* inter-cyrillic-ext-500-normal-BmqWE9Dz.woff in Resources */,
				90A30D83C6605D894CFA4265 /* inter-cyrillic-ext-600-normal-Bcila6Z-.woff in Resources */,
				21E84DBBA2A8FF88F96F2AC3 /* inter-cyrillic-ext-600-normal-Dfes3d0z.woff2 in Resources */,
				6C04FA44304C770452B2AB54 /* inter-cyrillic-ext-700-normal-BjwYoWNd.woff2 in Resources */,
				6926ABE9760CCA02AFDA0BF9 /* inter-cyrillic-ext-700-normal-LO58E6JB.woff in Resources */,
				E84F04ACBBF34881A32E0EBE /* inter-cyrillic-ext-800-normal-BZOjs1Xv.woff2 in Resources */,
				644E5CC3AFDBFC0EF46EC458 /* inter-cyrillic-ext-800-normal-Ca-gJeZY.woff in Resources */,
				BDECFA19E86D93746B14D331 /* inter-greek-400-normal-B4URO6DV.woff2 in Resources */,
				615255C25CA8E22EC948B97C /* inter-greek-400-normal-q2sYcFCs.woff in Resources */,
				4942C684B11E5F7871BE0092 /* inter-greek-500-normal-BIZE56-Y.woff2 in Resources */,
				28CAC5DEA1A70AA0E92AC0D2 /* inter-greek-500-normal-Xzm54t5V.woff in Resources */,
				7BC4103AA61AA7B6DDB55273 /* inter-greek-600-normal-BZpKdvQh.woff in Resources */,
				CD82421AF167C407BB68D1BE /* inter-greek-600-normal-plRanbMR.woff2 in Resources */,
				9AF42C09DAE15395CC81D99E /* inter-greek-700-normal-BUv2fZ6O.woff in Resources */,
				979B064E0F4C508677E8F551 /* inter-greek-700-normal-C3JjAnD8.woff2 in Resources */,
				250000CBF01C8165FB775E39 /* inter-greek-800-normal-BU00tryP.woff in Resources */,
				71AF4343823F46014236AC44 /* inter-greek-800-normal-CLIouy3y.woff2 in Resources */,
				37A89BB4AAC1F274AFE30E03 /* inter-greek-ext-400-normal-DGGRlc-M.woff2 in Resources */,
				5E01E59D389EF27CC6CC6324 /* inter-greek-ext-400-normal-KugGGMne.woff in Resources */,
				28A74996CEA102B7376A0847 /* inter-greek-ext-500-normal-2j5mBUwD.woff in Resources */,
				79709E4760939F27CF688C78 /* inter-greek-ext-500-normal-C4iEst2y.woff2 in Resources */,
				8B6CF476F3F23280AEFB730B /* inter-greek-ext-600-normal-B8X0CLgF.woff in Resources */,
				4ED0A0E6B3EC98FF2F846A91 /* inter-greek-ext-600-normal-DRtmH8MT.woff2 in Resources */,
				DD9F5F83967A058B700E69F1 /* inter-greek-ext-700-normal-BoQ6DsYi.woff in Resources */,
				1973F56F0ABBE243B2647F52 /* inter-greek-ext-700-normal-qfdV9bQt.woff2 in Resources */,
				8824C618EECD3207797096CE /* inter-greek-ext-800-normal-B--PVpEC.woff2 in Resources */,
				6AD3EF8E7875149924F067DE /* inter-greek-ext-800-normal-DUe57HfS.woff in Resources */,
				328CA830D6B0B3AF27A5F226 /* inter-latin-400-normal-C38fXH4l.woff2 in Resources */,
				B39958B3CF5DEC928A1F4AEA /* inter-latin-400-normal-CyCys3Eg.woff in Resources */,
				3A617187CA4A5F27671208E6 /* inter-latin-500-normal-BL9OpVg8.woff in Resources */,
				A945A2F6222819851AFFA92B /* inter-latin-500-normal-Cerq10X2.woff2 in Resources */,
				33F6BABF660528065724D560 /* inter-latin-600-normal-CiBQ2DWP.woff in Resources */,
				F76F08F579457C5088F381DF /* inter-latin-600-normal-LgqL8muc.woff2 in Resources */,
				5E068E8FE5A5689CF8EECC79 /* inter-latin-700-normal-BLAVimhd.woff in Resources */,
				A5DAFBB781FED2C8C2471B8E /* inter-latin-700-normal-Yt3aPRUw.woff2 in Resources */,
				4E8CA842DD207260704ACFF1 /* inter-latin-800-normal-BYj_oED-.woff2 in Resources */,
				6C1DC1E463AA8F94AF8EE837 /* inter-latin-800-normal-D1mf63XC.woff in Resources */,
				C5F726BF81EB656341113CE3 /* inter-latin-ext-400-normal-77YHD8bZ.woff in Resources */,
				3C9C1A3692630456E2D2E961 /* inter-latin-ext-400-normal-C1nco2VV.woff2 in Resources */,
				E829E045B44D3D9B5F07F604 /* inter-latin-ext-500-normal-BxGbmqWO.woff in Resources */,
				60E5969511F15DD39601500D /* inter-latin-ext-500-normal-CV4jyFjo.woff2 in Resources */,
				7E226AD2E8BAB4D27AC76D72 /* inter-latin-ext-600-normal-CIVaiw4L.woff in Resources */,
				767C4802779D9C2A877C56A9 /* inter-latin-ext-600-normal-D2bJ5OIk.woff2 in Resources */,
				D6B81DE3CAF0B5061E21EE6B /* inter-latin-ext-700-normal-Ca8adRJv.woff2 in Resources */,
				8EE582E38DD1FFED4B584906 /* inter-latin-ext-700-normal-TidjK2hL.woff in Resources */,
				0E6BD9C634DB5CEC07CC5253 /* inter-latin-ext-800-normal-BOMpwxm3.woff in Resources */,
				70642142DE62A19DC51B3FC4 /* inter-latin-ext-800-normal-DZJjya6U.woff2 in Resources */,
				2A276147197D367BB39EAC53 /* inter-vietnamese-400-normal-Bbgyi5SW.woff in Resources */,
				D7E38F4C803916B2C1339555 /* inter-vietnamese-400-normal-DMkecbls.woff2 in Resources */,
				454EEC90AED7692091F7502A /* inter-vietnamese-500-normal-DOriooB6.woff2 in Resources */,
				938063755ADD8D2A252F8368 /* inter-vietnamese-500-normal-mJboJaSs.woff in Resources */,
				4095B5135844EB382D3C8BFF /* inter-vietnamese-600-normal-BuLX-rYi.woff in Resources */,
				0FE367EF4AEF0B441F582BC0 /* inter-vietnamese-600-normal-Cc8MFFhd.woff2 in Resources */,
				E1EF26035D6E8CF35503A724 /* inter-vietnamese-700-normal-BZaoP0fm.woff in Resources */,
				D3E906704063749577D9AA6D /* inter-vietnamese-700-normal-DlLaEgI2.woff2 in Resources */,
				6F6804A5ED7B805B82E94673 /* inter-vietnamese-800-normal-Cm7tD1pz.woff2 in Resources */,
				182B64F0B0C84A582C208A6C /* inter-vietnamese-800-normal-DDlpr_Ee.woff in Resources */,
				A27BCDC52D7680DE06C473CE /* icon-192.png in Resources */,
				68E0BD3E0448F6A1DCB22539 /* icon-512.png in Resources */,
				C837292BE13F2E7EFA6830A5 /* index.html in Resources */,
				1122EB0D4CB1BAFFB09E6AC4 /* manifest.json in Resources */,
				4D2785A91A61E2C112B3FCAD /* registerSW.js in Resources */,
				0A06DA8F870BFC6F51A66B47 /* sw.js in Resources */,
			);
			runOnlyForDeploymentPostprocessing = 0;
		};
/* End PBXResourcesBuildPhase section */

/* Begin PBXSourcesBuildPhase section */
		D941909A30334A34118CB98B /* Sources */ = {
			isa = PBXSourcesBuildPhase;
			buildActionMask = 2147483647;
			files = (
				86526EE72F31B7A359189A62 /* TradePadTests.swift in Sources */,
			);
			runOnlyForDeploymentPostprocessing = 0;
		};
		E784F0A011C1A3B122D51913 /* Sources */ = {
			isa = PBXSourcesBuildPhase;
			buildActionMask = 2147483647;
			files = (
				6E98CD3DDB6B79EC4C29C36D /* TuistBundle+TradePad.swift in Sources */,
				0ECE7528E2904313E7ADFB77 /* TuistFonts+TradePad.swift in Sources */,
				33E5354E1AD0CEF4F93610DD /* ContentView.swift in Sources */,
				D7C41B9EA1BA19A7A1617132 /* TradePadApp.swift in Sources */,
				203051E67E313BE4F4ED3E80 /* WebContentView.swift in Sources */,
			);
			runOnlyForDeploymentPostprocessing = 0;
		};
/* End PBXSourcesBuildPhase section */

/* Begin PBXTargetDependency section */
		5AF1C34B73BA98681F76CA92 /* PBXTargetDependency */ = {
			isa = PBXTargetDependency;
			name = TradePad;
			target = CB2DA3447E6A031DF9D457E0 /* TradePad */;
			targetProxy = 998363E5E470ED30CF64EA4B /* PBXContainerItemProxy */;
		};
/* End PBXTargetDependency section */

/* Begin XCBuildConfiguration section */
		1263D63E533457365D860204 /* Debug */ = {
			isa = XCBuildConfiguration;
			buildSettings = {
				BUNDLE_LOADER = "$(TEST_HOST)";
				INFOPLIST_FILE = "Derived/InfoPlists/TradePadTests-Info.plist";
				LD_RUNPATH_SEARCH_PATHS = (
					"$(inherited)",
					"@executable_path/Frameworks",
					"@loader_path/Frameworks",
				);
				"LD_RUNPATH_SEARCH_PATHS[sdk=macosx*]" = (
					"$(inherited)",
					"@executable_path/../Frameworks",
					"@loader_path/../Frameworks",
				);
				OTHER_LDFLAGS = (
					"$(inherited)",
					"-L$(DT_TOOLCHAIN_DIR)/usr/lib/swift/$(PLATFORM_NAME)",
				);
				PRODUCT_BUNDLE_IDENTIFIER = com.tradepad.app.tests;
				PRODUCT_NAME = TradePadTests;
				SDKROOT = auto;
				SUPPORTED_PLATFORMS = "iphoneos iphonesimulator macosx";
				SUPPORTS_MACCATALYST = NO;
				SUPPORTS_MAC_DESIGNED_FOR_IPHONE_IPAD = NO;
				SUPPORTS_XR_DESIGNED_FOR_IPHONE_IPAD = NO;
				SWIFT_ACTIVE_COMPILATION_CONDITIONS = (
					"$(inherited)",
					DEBUG,
				);
				SWIFT_COMPILATION_MODE = singlefile;
				SWIFT_OPTIMIZATION_LEVEL = "-Onone";
				SWIFT_VERSION = 5;
				TARGETED_DEVICE_FAMILY = "1,2";
				TEST_HOST = "$(BUILT_PRODUCTS_DIR)/TradePad.app/$(BUNDLE_EXECUTABLE_FOLDER_PATH)/TradePad";
				TEST_TARGET_NAME = TradePad;
			};
			name = Debug;
		};
		6D4F66A61C7F28B7C0A6F81E /* Debug */ = {
			isa = XCBuildConfiguration;
			buildSettings = {
				ASSETCATALOG_COMPILER_APPICON_NAME = AppIcon;
				ASSETCATALOG_COMPILER_GLOBAL_ACCENT_COLOR_NAME = AccentColor;
				ENABLE_PREVIEWS = YES;
				INFOPLIST_FILE = "Derived/InfoPlists/TradePad-Info.plist";
				LD_RUNPATH_SEARCH_PATHS = (
					"$(inherited)",
					"@executable_path/Frameworks",
				);
				"LD_RUNPATH_SEARCH_PATHS[sdk=macosx*]" = (
					"$(inherited)",
					"@executable_path/../Frameworks",
				);
				OTHER_LDFLAGS = (
					"$(inherited)",
					"-L$(DT_TOOLCHAIN_DIR)/usr/lib/swift/$(PLATFORM_NAME)",
				);
				PRODUCT_BUNDLE_IDENTIFIER = com.tradepad.app;
				PRODUCT_NAME = TradePad;
				SDKROOT = auto;
				SUPPORTED_PLATFORMS = "iphoneos iphonesimulator macosx";
				SUPPORTS_MACCATALYST = NO;
				SUPPORTS_MAC_DESIGNED_FOR_IPHONE_IPAD = NO;
				SUPPORTS_XR_DESIGNED_FOR_IPHONE_IPAD = NO;
				SWIFT_ACTIVE_COMPILATION_CONDITIONS = (
					"$(inherited)",
					DEBUG,
				);
				SWIFT_COMPILATION_MODE = singlefile;
				SWIFT_OPTIMIZATION_LEVEL = "-Onone";
				SWIFT_VERSION = 5;
				TARGETED_DEVICE_FAMILY = "1,2";
			};
			name = Debug;
		};
		997D35A8295C5DFF2CFA9954 /* Debug */ = {
			isa = XCBuildConfiguration;
			buildSettings = {
				ALWAYS_SEARCH_USER_PATHS = NO;
				CLANG_ANALYZER_LOCALIZABILITY_NONLOCALIZED = YES;
				CLANG_ANALYZER_NONNULL = YES;
				CLANG_ANALYZER_NUMBER_OBJECT_CONVERSION = YES_AGGRESSIVE;
				CLANG_CXX_LANGUAGE_STANDARD = "gnu++14";
				CLANG_CXX_LIBRARY = "libc++";
				CLANG_ENABLE_MODULES = YES;
				CLANG_ENABLE_OBJC_ARC = YES;
				CLANG_ENABLE_OBJC_WEAK = YES;
				CLANG_WARN_BLOCK_CAPTURE_AUTORELEASING = YES;
				CLANG_WARN_BOOL_CONVERSION = YES;
				CLANG_WARN_COMMA = YES;
				CLANG_WARN_CONSTANT_CONVERSION = YES;
				CLANG_WARN_DEPRECATED_OBJC_IMPLEMENTATIONS = YES;
				CLANG_WARN_DIRECT_OBJC_ISA_USAGE = YES_ERROR;
				CLANG_WARN_DOCUMENTATION_COMMENTS = YES;
				CLANG_WARN_EMPTY_BODY = YES;
				CLANG_WARN_ENUM_CONVERSION = YES;
				CLANG_WARN_INFINITE_RECURSION = YES;
				CLANG_WARN_INT_CONVERSION = YES;
				CLANG_WARN_NON_LITERAL_NULL_CONVERSION = YES;
				CLANG_WARN_OBJC_IMPLICIT_RETAIN_SELF = YES;
				CLANG_WARN_OBJC_LITERAL_CONVERSION = YES;
				CLANG_WARN_OBJC_ROOT_CLASS = YES_ERROR;
				CLANG_WARN_QUOTED_INCLUDE_IN_FRAMEWORK_HEADER = YES;
				CLANG_WARN_RANGE_LOOP_ANALYSIS = YES;
				CLANG_WARN_STRICT_PROTOTYPES = YES;
				CLANG_WARN_SUSPICIOUS_MOVE = YES;
				CLANG_WARN_UNGUARDED_AVAILABILITY = YES_AGGRESSIVE;
				CLANG_WARN_UNREACHABLE_CODE = YES;
				CLANG_WARN__DUPLICATE_METHOD_MATCH = YES;
				COPY_PHASE_STRIP = NO;
				DEAD_CODE_STRIPPING = YES;
				DEBUG_INFORMATION_FORMAT = dwarf;
				ENABLE_STRICT_OBJC_MSGSEND = YES;
				ENABLE_TESTABILITY = YES;
				GCC_C_LANGUAGE_STANDARD = gnu11;
				GCC_DYNAMIC_NO_PIC = NO;
				GCC_NO_COMMON_BLOCKS = YES;
				GCC_OPTIMIZATION_LEVEL = 0;
				GCC_PREPROCESSOR_DEFINITIONS = (
					"DEBUG=1",
					"$(inherited)",
				);
				GCC_WARN_64_TO_32_BIT_CONVERSION = YES;
				GCC_WARN_ABOUT_RETURN_TYPE = YES_ERROR;
				GCC_WARN_UNDECLARED_SELECTOR = YES;
				GCC_WARN_UNINITIALIZED_AUTOS = YES_AGGRESSIVE;
				GCC_WARN_UNUSED_FUNCTION = YES;
				GCC_WARN_UNUSED_VARIABLE = YES;
				MTL_ENABLE_DEBUG_INFO = YES;
				ONLY_ACTIVE_ARCH = YES;
				PRODUCT_NAME = "$(TARGET_NAME)";
			};
			name = Debug;
		};
		A31C2D3FCB76755928DF1077 /* Release */ = {
			isa = XCBuildConfiguration;
			buildSettings = {
				BUNDLE_LOADER = "$(TEST_HOST)";
				INFOPLIST_FILE = "Derived/InfoPlists/TradePadTests-Info.plist";
				LD_RUNPATH_SEARCH_PATHS = (
					"$(inherited)",
					"@executable_path/Frameworks",
					"@loader_path/Frameworks",
				);
				"LD_RUNPATH_SEARCH_PATHS[sdk=macosx*]" = (
					"$(inherited)",
					"@executable_path/../Frameworks",
					"@loader_path/../Frameworks",
				);
				OTHER_LDFLAGS = (
					"$(inherited)",
					"-L$(DT_TOOLCHAIN_DIR)/usr/lib/swift/$(PLATFORM_NAME)",
				);
				PRODUCT_BUNDLE_IDENTIFIER = com.tradepad.app.tests;
				PRODUCT_NAME = TradePadTests;
				SDKROOT = auto;
				SUPPORTED_PLATFORMS = "iphoneos iphonesimulator macosx";
				SUPPORTS_MACCATALYST = NO;
				SUPPORTS_MAC_DESIGNED_FOR_IPHONE_IPAD = NO;
				SUPPORTS_XR_DESIGNED_FOR_IPHONE_IPAD = NO;
				SWIFT_COMPILATION_MODE = wholemodule;
				SWIFT_OPTIMIZATION_LEVEL = "-O";
				SWIFT_VERSION = 5;
				TARGETED_DEVICE_FAMILY = "1,2";
				TEST_HOST = "$(BUILT_PRODUCTS_DIR)/TradePad.app/$(BUNDLE_EXECUTABLE_FOLDER_PATH)/TradePad";
				TEST_TARGET_NAME = TradePad;
			};
			name = Release;
		};
		C0CBB57153B9FC81733C4C19 /* Release */ = {
			isa = XCBuildConfiguration;
			buildSettings = {
				ALWAYS_SEARCH_USER_PATHS = NO;
				CLANG_ANALYZER_LOCALIZABILITY_NONLOCALIZED = YES;
				CLANG_ANALYZER_NONNULL = YES;
				CLANG_ANALYZER_NUMBER_OBJECT_CONVERSION = YES_AGGRESSIVE;
				CLANG_CXX_LANGUAGE_STANDARD = "gnu++14";
				CLANG_CXX_LIBRARY = "libc++";
				CLANG_ENABLE_MODULES = YES;
				CLANG_ENABLE_OBJC_ARC = YES;
				CLANG_ENABLE_OBJC_WEAK = YES;
				CLANG_WARN_BLOCK_CAPTURE_AUTORELEASING = YES;
				CLANG_WARN_BOOL_CONVERSION = YES;
				CLANG_WARN_COMMA = YES;
				CLANG_WARN_CONSTANT_CONVERSION = YES;
				CLANG_WARN_DEPRECATED_OBJC_IMPLEMENTATIONS = YES;
				CLANG_WARN_DIRECT_OBJC_ISA_USAGE = YES_ERROR;
				CLANG_WARN_DOCUMENTATION_COMMENTS = YES;
				CLANG_WARN_EMPTY_BODY = YES;
				CLANG_WARN_ENUM_CONVERSION = YES;
				CLANG_WARN_INFINITE_RECURSION = YES;
				CLANG_WARN_INT_CONVERSION = YES;
				CLANG_WARN_NON_LITERAL_NULL_CONVERSION = YES;
				CLANG_WARN_OBJC_IMPLICIT_RETAIN_SELF = YES;
				CLANG_WARN_OBJC_LITERAL_CONVERSION = YES;
				CLANG_WARN_OBJC_ROOT_CLASS = YES_ERROR;
				CLANG_WARN_QUOTED_INCLUDE_IN_FRAMEWORK_HEADER = YES;
				CLANG_WARN_RANGE_LOOP_ANALYSIS = YES;
				CLANG_WARN_STRICT_PROTOTYPES = YES;
				CLANG_WARN_SUSPICIOUS_MOVE = YES;
				CLANG_WARN_UNGUARDED_AVAILABILITY = YES_AGGRESSIVE;
				CLANG_WARN_UNREACHABLE_CODE = YES;
				CLANG_WARN__DUPLICATE_METHOD_MATCH = YES;
				COPY_PHASE_STRIP = NO;
				DEAD_CODE_STRIPPING = YES;
				DEBUG_INFORMATION_FORMAT = "dwarf-with-dsym";
				ENABLE_NS_ASSERTIONS = NO;
				ENABLE_STRICT_OBJC_MSGSEND = YES;
				GCC_C_LANGUAGE_STANDARD = gnu11;
				GCC_NO_COMMON_BLOCKS = YES;
				GCC_WARN_64_TO_32_BIT_CONVERSION = YES;
				GCC_WARN_ABOUT_RETURN_TYPE = YES_ERROR;
				GCC_WARN_UNDECLARED_SELECTOR = YES;
				GCC_WARN_UNINITIALIZED_AUTOS = YES_AGGRESSIVE;
				GCC_WARN_UNUSED_FUNCTION = YES;
				GCC_WARN_UNUSED_VARIABLE = YES;
				MTL_ENABLE_DEBUG_INFO = NO;
				PRODUCT_NAME = "$(TARGET_NAME)";
				VALIDATE_PRODUCT = YES;
			};
			name = Release;
		};
		FAB39D7FA68C5AE3A204B8BA /* Release */ = {
			isa = XCBuildConfiguration;
			buildSettings = {
				ASSETCATALOG_COMPILER_APPICON_NAME = AppIcon;
				ASSETCATALOG_COMPILER_GLOBAL_ACCENT_COLOR_NAME = AccentColor;
				ENABLE_PREVIEWS = YES;
				INFOPLIST_FILE = "Derived/InfoPlists/TradePad-Info.plist";
				LD_RUNPATH_SEARCH_PATHS = (
					"$(inherited)",
					"@executable_path/Frameworks",
				);
				"LD_RUNPATH_SEARCH_PATHS[sdk=macosx*]" = (
					"$(inherited)",
					"@executable_path/../Frameworks",
				);
				OTHER_LDFLAGS = (
					"$(inherited)",
					"-L$(DT_TOOLCHAIN_DIR)/usr/lib/swift/$(PLATFORM_NAME)",
				);
				PRODUCT_BUNDLE_IDENTIFIER = com.tradepad.app;
				PRODUCT_NAME = TradePad;
				SDKROOT = auto;
				SUPPORTED_PLATFORMS = "iphoneos iphonesimulator macosx";
				SUPPORTS_MACCATALYST = NO;
				SUPPORTS_MAC_DESIGNED_FOR_IPHONE_IPAD = NO;
				SUPPORTS_XR_DESIGNED_FOR_IPHONE_IPAD = NO;
				SWIFT_COMPILATION_MODE = wholemodule;
				SWIFT_OPTIMIZATION_LEVEL = "-O";
				SWIFT_VERSION = 5;
				TARGETED_DEVICE_FAMILY = "1,2";
			};
			name = Release;
		};
/* End XCBuildConfiguration section */

/* Begin XCConfigurationList section */
		1122923E21B2D6C2064F9FEC /* Build configuration list for PBXProject "TradePad" */ = {
			isa = XCConfigurationList;
			buildConfigurations = (
				997D35A8295C5DFF2CFA9954 /* Debug */,
				C0CBB57153B9FC81733C4C19 /* Release */,
			);
			defaultConfigurationIsVisible = 0;
			defaultConfigurationName = Release;
		};
		E9340118B1CDE43ED56087C6 /* Build configuration list for PBXNativeTarget "TradePad" */ = {
			isa = XCConfigurationList;
			buildConfigurations = (
				6D4F66A61C7F28B7C0A6F81E /* Debug */,
				FAB39D7FA68C5AE3A204B8BA /* Release */,
			);
			defaultConfigurationIsVisible = 0;
			defaultConfigurationName = Release;
		};
		FA6E7AC75935EF31A9EF9980 /* Build configuration list for PBXNativeTarget "TradePadTests" */ = {
			isa = XCConfigurationList;
			buildConfigurations = (
				1263D63E533457365D860204 /* Debug */,
				A31C2D3FCB76755928DF1077 /* Release */,
			);
			defaultConfigurationIsVisible = 0;
			defaultConfigurationName = Release;
		};
/* End XCConfigurationList section */
	};
	rootObject = 1759C76267BE04E2D30AC736 /* Project object */;
}
